{
  "name": "naia-chassis-adapter-restate-ts",
  "lockfileVersion": 3,
  "requires": true,
  "packages": {
    "": {
      "name": "naia-chassis-adapter-restate-ts",
      "dependencies": {
        "@restatedev/restate-sdk": "1.16.9",
        "@restatedev/restate-sdk-clients": "1.16.9"
      },
      "engines": {
        "node": ">=22 <25"
      }
    },
    "node_modules/@restatedev/restate-sdk": {
      "version": "1.16.9",
      "resolved": "https://registry.npmjs.org/@restatedev/restate-sdk/-/restate-sdk-1.16.9.tgz",
      "integrity": "sha512-fR5FE1aHgD7dSlyYhOmxTB2zX6VcFSALSXyQGyhzdqtqZwt5QpdlUTDwu6oFIex8vWdlEh8lq35ljcOzvQKZYw==",
      "license": "MIT",
      "dependencies": {
        "@restatedev/restate-sdk-core": "1.16.9"
      }
    },
    "node_modules/@restatedev/restate-sdk-clients": {
      "version": "1.16.9",
      "resolved": "https://registry.npmjs.org/@restatedev/restate-sdk-clients/-/restate-sdk-clients-1.16.9.tgz",
      "integrity": "sha512-60qfyRiaDdNHNV7a3eyrlbQ9YaSr5sOE5lAMq0HgiRYNl/eiFvfBJ5vYZpdJmdq61oDRS8UCRJCtVSVUMclshg==",
      "license": "MIT",
      "dependencies": {
        "@restatedev/restate-sdk-core": "1.16.9"
      }
    },
    "node_modules/@restatedev/restate-sdk-core": {
      "version": "1.16.9",
      "resolved": "https://registry.npmjs.org/@restatedev/restate-sdk-core/-/restate-sdk-core-1.16.9.tgz",
      "integrity": "sha512-x5doeVm2o7XNk5t+yeWBf2e/DEZpdri5C4A3b29b56zdOW0AQ7MexeYLGQUttDTdxP3/zYiwdxo03DKzG9wXqg==",
      "license": "MIT"
    }
  }
}
